Microsoft Visual Studio Solution File, Format Version 12.00
# Visual Studio Version 17
VisualStudioVersion = 17.5.2.0
MinimumVisualStudioVersion = 10.0.40219.1
Project("{FAE04EC0-301F-11D3-BF4B-00C04F79EFBC}") = "megaapi", "server\megaapi.csproj", "{0C58377E-A0B6-3B1A-6D28-1DF2C5F4021A}"
EndProject
Global
	GlobalSection(SolutionConfigurationPlatforms) = preSolution
		Debug|Any CPU = Debug|Any CPU
		Release|Any CPU = Release|Any CPU
	EndGlobalSection
	GlobalSection(ProjectConfigurationPlatforms) = postSolution
		{0C58377E-A0B6-3B1A-6D28-1DF2C5F4021A}.Debug|Any CPU.ActiveCfg = Debug|Any CPU
		{0C58377E-A0B6-3B1A-6D28-1DF2C5F4021A}.Debug|Any CPU.Build.0 = Debug|Any CPU
		{0C58377E-A0B6-3B1A-6D28-1DF2C5F4021A}.Release|Any CPU.ActiveCfg = Release|Any CPU
		{0C58377E-A0B6-3B1A-6D28-1DF2C5F4021A}.Release|Any CPU.Build.0 = Release|Any CPU
	EndGlobalSection
	GlobalSection(SolutionProperties) = preSolution
		HideSolutionNode = FALSE
	EndGlobalSection
	GlobalSection(ExtensibilityGlobals) = postSolution
		SolutionGuid = {9A7C9391-4312-44E7-918A-905C09EA16B2}
	EndGlobalSection
EndGlobal
